
Microsoft Visual Studio Solution File, Format Version 12.00
# Visual Studio Version 17
VisualStudioVersion = 17.1.32328.378
MinimumVisualStudioVersion = 10.0.40219.1
Project("{FAE04EC0-301F-11D3-BF4B-00C04F79EFBC}") = "TrackerLibrary", "TrackerLibrary\TrackerLibrary.csproj", "{0DAC596B-E6A8-40D3-A140-80AE1CAB859C}"
EndProject
Project("{FAE04EC0-301F-11D3-BF4B-00C04F79EFBC}") = "TrackerUI", "TrackerUI\TrackerUI.csproj", "{50F513B8-9DEE-4DB9-9753-F27E25B46ECC}"
EndProject
Global
	GlobalSection(SolutionConfigurationPlatforms) = preSolution
		Debug|Any CPU = Debug|Any CPU
		Release|Any CPU = Release|Any CPU
	EndGlobalSection
	GlobalSection(ProjectConfigurationPlatforms) = postSolution
		{0DAC596B-E6A8-40D3-A140-80AE1CAB859C}.Debug|Any CPU.ActiveCfg = Debug|Any CPU
		{0DAC596B-E6A8-40D3-A140-80AE1CAB859C}.Debug|Any CPU.Build.0 = Debug|Any CPU
		{0DAC596B-E6A8-40D3-A140-80AE1CAB859C}.Release|Any CPU.ActiveCfg = Release|Any CPU
		{0DAC596B-E6A8-40D3-A140-80AE1CAB859C}.Release|Any CPU.Build.0 = Release|Any CPU
		{50F513B8-9DEE-4DB9-9753-F27E25B46ECC}.Debug|Any CPU.ActiveCfg = Debug|Any CPU
		{50F513B8-9DEE-4DB9-9753-F27E25B46ECC}.Debug|Any CPU.Build.0 = Debug|Any CPU
		{50F513B8-9DEE-4DB9-9753-F27E25B46ECC}.Release|Any CPU.ActiveCfg = Release|Any CPU
		{50F513B8-9DEE-4DB9-9753-F27E25B46ECC}.Release|Any CPU.Build.0 = Release|Any CPU
	EndGlobalSection
	GlobalSection(SolutionProperties) = preSolution
		HideSolutionNode = FALSE
	EndGlobalSection
	GlobalSection(ExtensibilityGlobals) = postSolution
		SolutionGuid = {F930D986-5EF5-4CFC-85FC-63F133B7FB5A}
	EndGlobalSection
EndGlobal
